{
  "name": "minerize-raknet",
  "version": "1.0.0",
  "lockfileVersion": 2,
  "requires": true,
  "packages": {
    "": {
      "name": "minerize-raknet",
      "version": "1.0.0",
      "license": "MIT",
      "dependencies": {
        "minerize-binarystream": "git+https://github.com/MinerizeSoftware/BinaryStream.git"
      }
    },
    "node_modules/minerize-binarystream": {
      "version": "1.0.0",
      "resolved": "git+ssh://git@github.com/MinerizeSoftware/BinaryStream.git#29202cdff091664e7c259e01ab694f72a93dc0b7",
      "license": "MIT"
    }
  },
  "dependencies": {
    "minerize-binarystream": {
      "version": "git+ssh://git@github.com/MinerizeSoftware/BinaryStream.git#29202cdff091664e7c259e01ab694f72a93dc0b7",
      "from": "minerize-binarystream@git+https://github.com/MinerizeSoftware/BinaryStream.git"
    }
  }
}
